
Microsoft Visual Studio Solution File, Format Version 12.00
# Visual Studio 2012
Project("{FAE04EC0-301F-11D3-BF4B-00C04F79EFBC}") = "Cts.Mvc.ExpenseReport", "Cts.Mvc.ExpenseReport\Cts.Mvc.ExpenseReport.csproj", "{003997AB-128B-422C-88BD-9D781482ADB3}"
EndProject
Project("{FAE04EC0-301F-11D3-BF4B-00C04F79EFBC}") = "Cts.Mvc.ExpenseReport.Tests", "Cts.Mvc.ExpenseReport.Tests\Cts.Mvc.ExpenseReport.Tests.csproj", "{9FFDF9C1-B8DF-49BA-8BC7-52433EA3B9E2}"
EndProject
Project("{FAE04EC0-301F-11D3-BF4B-00C04F79EFBC}") = "Cts.Mvc.ExpenseReport.Domain", "Cts.Mvc.ExpenseReport.Domain\Cts.Mvc.ExpenseReport.Domain.csproj", "{B91AD11E-8AE0-4FEE-B65B-96318EB036F8}"
EndProject
Project("{FAE04EC0-301F-11D3-BF4B-00C04F79EFBC}") = "Cts.Mvc.ExpenseReport.DAL", "Cts.Mvc.ExpenseReport.DAL\Cts.Mvc.ExpenseReport.DAL.csproj", "{354F2D1A-2C04-4F86-95DA-33630EA35914}"
EndProject
Global
	GlobalSection(SolutionConfigurationPlatforms) = preSolution
		Debug|Any CPU = Debug|Any CPU
		Release|Any CPU = Release|Any CPU
	EndGlobalSection
	GlobalSection(ProjectConfigurationPlatforms) = postSolution
		{003997AB-128B-422C-88BD-9D781482ADB3}.Debug|Any CPU.ActiveCfg = Debug|Any CPU
		{003997AB-128B-422C-88BD-9D781482ADB3}.Debug|Any CPU.Build.0 = Debug|Any CPU
		{003997AB-128B-422C-88BD-9D781482ADB3}.Release|Any CPU.ActiveCfg = Release|Any CPU
		{003997AB-128B-422C-88BD-9D781482ADB3}.Release|Any CPU.Build.0 = Release|Any CPU
		{9FFDF9C1-B8DF-49BA-8BC7-52433EA3B9E2}.Debug|Any CPU.ActiveCfg = Debug|Any CPU
		{9FFDF9C1-B8DF-49BA-8BC7-52433EA3B9E2}.Debug|Any CPU.Build.0 = Debug|Any CPU
		{9FFDF9C1-B8DF-49BA-8BC7-52433EA3B9E2}.Release|Any CPU.ActiveCfg = Release|Any CPU
		{9FFDF9C1-B8DF-49BA-8BC7-52433EA3B9E2}.Release|Any CPU.Build.0 = Release|Any CPU
		{B91AD11E-8AE0-4FEE-B65B-96318EB036F8}.Debug|Any CPU.ActiveCfg = Debug|Any CPU
		{B91AD11E-8AE0-4FEE-B65B-96318EB036F8}.Debug|Any CPU.Build.0 = Debug|Any CPU
		{B91AD11E-8AE0-4FEE-B65B-96318EB036F8}.Release|Any CPU.ActiveCfg = Release|Any CPU
		{B91AD11E-8AE0-4FEE-B65B-96318EB036F8}.Release|Any CPU.Build.0 = Release|Any CPU
		{354F2D1A-2C04-4F86-95DA-33630EA35914}.Debug|Any CPU.ActiveCfg = Debug|Any CPU
		{354F2D1A-2C04-4F86-95DA-33630EA35914}.Debug|Any CPU.Build.0 = Debug|Any CPU
		{354F2D1A-2C04-4F86-95DA-33630EA35914}.Release|Any CPU.ActiveCfg = Release|Any CPU
		{354F2D1A-2C04-4F86-95DA-33630EA35914}.Release|Any CPU.Build.0 = Release|Any CPU
	EndGlobalSection
	GlobalSection(SolutionProperties) = preSolution
		HideSolutionNode = FALSE
	EndGlobalSection
EndGlobal
